
Microsoft Visual Studio Solution File, Format Version 12.00
# Visual Studio Version 17
VisualStudioVersion = 17.13.35931.197 d17.13
MinimumVisualStudioVersion = 10.0.40219.1
Project("{FAE04EC0-301F-11D3-BF4B-00C04F79EFBC}") = "WebSocketsChatStudy", "WebsocketsChatStudy\WebSocketsChatStudy.csproj", "{1A709B94-7B28-4904-9CD9-748031AFAE49}"
EndProject
Global
	GlobalSection(SolutionConfigurationPlatforms) = preSolution
		Debug|Any CPU = Debug|Any CPU
		Release|Any CPU = Release|Any CPU
	EndGlobalSection
	GlobalSection(ProjectConfigurationPlatforms) = postSolution
		{1A709B94-7B28-4904-9CD9-748031AFAE49}.Debug|Any CPU.ActiveCfg = Debug|Any CPU
		{1A709B94-7B28-4904-9CD9-748031AFAE49}.Debug|Any CPU.Build.0 = Debug|Any CPU
		{1A709B94-7B28-4904-9CD9-748031AFAE49}.Release|Any CPU.ActiveCfg = Release|Any CPU
		{1A709B94-7B28-4904-9CD9-748031AFAE49}.Release|Any CPU.Build.0 = Release|Any CPU
	EndGlobalSection
	GlobalSection(SolutionProperties) = preSolution
		HideSolutionNode = FALSE
	EndGlobalSection
	GlobalSection(ExtensibilityGlobals) = postSolution
		SolutionGuid = {C4F82528-B258-4658-9995-197C458B7C64}
	EndGlobalSection
EndGlobal
